// !$*UTF8*$!
{
	archiveVersion = 1;
	classes = {
	};
	objectVersion = 50;
	objects = {

/* Begin PBXBuildFile section */
		42D4A664471844A9180C7FAC /* Pods_MainLottieSample.framework in Frameworks */ = {isa = PBXBuildFile; fileRef = 3A10B7507455E3DA3A4118E1 /* Pods_MainLottieSample.framework */; };
		ED26713C268D890C0081D037 /* AppDelegate.swift in Sources */ = {isa = PBXBuildFile; fileRef = ED26713B268D890C0081D037 /* AppDelegate.swift */; };
		ED26713E268D890C0081D037 /* SceneDelegate.swift in Sources */ = {isa = PBXBuildFile; fileRef = ED26713D268D890C0081D037 /* SceneDelegate.swift */; };
		ED267140268D890C0081D037 /* ViewController.swift in Sources */ = {isa = PBXBuildFile; fileRef = ED26713F268D890C0081D037 /* ViewController.swift */; };
		ED267143268D890C0081D037 /* Main.storyboard in Resources */ = {isa = PBXBuildFile; fileRef = ED267141268D890C0081D037 /* Main.storyboard */; };
		ED267145268D890D0081D037 /* Assets.xcassets in Resources */ = {isa = PBXBuildFile; fileRef = ED267144268D890D0081D037 /* Assets.xcassets */; };
		ED267148268D890D0081D037 /* LaunchScreen.storyboard in Resources */ = {isa = PBXBuildFile; fileRef = ED267146268D890D0081D037 /* LaunchScreen.storyboard */; };
		ED267153268D90B80081D037 /* characterCVC.swift in Sources */ = {isa = PBXBuildFile; fileRef = ED267151268D90B80081D037 /* characterCVC.swift */; };
		ED267154268D90B80081D037 /* characterCVC.xib in Resources */ = {isa = PBXBuildFile; fileRef = ED267152268D90B80081D037 /* characterCVC.xib */; };
		ED267157268D93E20081D037 /* PageControl.swift in Sources */ = {isa = PBXBuildFile; fileRef = ED267156268D93E20081D037 /* PageControl.swift */; };
/* End PBXBuildFile section */

/* Begin PBXFileReference section */
		3A10B7507455E3DA3A4118E1 /* Pods_MainLottieSample.framework */ = {isa = PBXFileReference; explicitFileType = wrapper.framework; includeInIndex = 0; path = Pods_MainLottieSample.framework; sourceTree = BUILT_PRODUCTS_DIR; };
		B713E9C9AD1A9172027E8F7A /* Pods-MainLottieSample.debug.xcconfig */ = {isa = PBXFileReference; includeInIndex = 1; lastKnownFileType = text.xcconfig; name = "Pods-MainLottieSample.debug.xcconfig"; path = "Target Support Files/Pods-MainLottieSample/Pods-MainLottieSample.debug.xcconfig"; sourceTree = "<group>"; };
		B7A0DE7E493F6FC69095FF9C /* Pods-MainLottieSample.release.xcconfig */ = {isa = PBXFileReference; includeInIndex = 1; lastKnownFileType = text.xcconfig; name = "Pods-MainLottieSample.release.xcconfig"; path = "Target Support Files/Pods-MainLottieSample/Pods-MainLottieSample.release.xcconfig"; sourceTree = "<group>"; };
		ED267138268D890B0081D037 /* MainLottieSample.app */ = {isa = PBXFileReference; explicitFileType = wrapper.application; includeInIndex = 0; path = MainLottieSample.app; sourceTree = BUILT_PRODUCTS_DIR; };
		ED26713B268D890C0081D037 /* AppDelegate.swift */ = {isa = PBXFileReference; lastKnownFileType = sourcecode.swift; path = AppDelegate.swift; sourceTree = "<group>"; };
		ED26713D268D890C0081D037 /* SceneDelegate.swift */ = {isa = PBXFileReference; lastKnownFileType = sourcecode.swift; path = SceneDelegate.swift; sourceTree = "<group>"; };
		ED26713F268D890C0081D037 /* ViewController.swift */ = {isa = PBXFileReference; lastKnownFileType = sourcecode.swift; path = ViewController.swift; sourceTree = "<group>"; };
		ED267142268D890C0081D037 /* Base */ = {isa = PBXFileReference; lastKnownFileType = file.storyboard; name = Base; path = Base.lproj/Main.storyboard; sourceTree = "<group>"; };
		ED267144268D890D0081D037 /* Assets.xcassets */ = {isa = PBXFileReference; lastKnownFileType = folder.assetcatalog; path = Assets.xcassets; sourceTree = "<group>"; };
		ED267147268D890D0081D037 /* Base */ = {isa = PBXFileReference; lastKnownFileType = file.storyboard; name = Base; path = Base.lproj/LaunchScreen.storyboard; sourceTree = "<group>"; };
		ED267149268D890D0081D037 /* Info.plist */ = {isa = PBXFileReference; lastKnownFileType = text.plist.xml; path = Info.plist; sourceTree = "<group>"; };
		ED267151268D90B80081D037 /* characterCVC.swift */ = {isa = PBXFileReference; lastKnownFileType = sourcecode.swift; path = characterCVC.swift; sourceTree = "<group>"; };
		ED267152268D90B80081D037 /* characterCVC.xib */ = {isa = PBXFileReference; lastKnownFileType = file.xib; path = characterCVC.xib; sourceTree = "<group>"; };
		ED267156268D93E20081D037 /* PageControl.swift */ = {isa = PBXFileReference; lastKnownFileType = sourcecode.swift; path = PageControl.swift; sourceTree = "<group>"; };
/* End PBXFileReference section */

/* Begin PBXFrameworksBuildPhase section */
		ED267135268D890B0081D037 /* Frameworks */ = {
			isa = PBXFrameworksBuildPhase;
			buildActionMask = 2147483647;
			files = (
				42D4A664471844A9180C7FAC /* Pods_MainLottieSample.framework in Frameworks */,
			);
			runOnlyForDeploymentPostprocessing = 0;
		};
/* End PBXFrameworksBuildPhase section */

/* Begin PBXGroup section */
		028A4806FF0A9AA8DBB4B090 /* Pods */ = {
			isa = PBXGroup;
			children = (
				B713E9C9AD1A9172027E8F7A /* Pods-MainLottieSample.debug.xcconfig */,
				B7A0DE7E493F6FC69095FF9C /* Pods-MainLottieSample.release.xcconfig */,
			);
			name = Pods;
			path = Pods;
			sourceTree = "<group>";
		};
		BF37C98044BA2E9A3272D51F /* Frameworks */ = {
			isa = PBXGroup;
			children = (
				3A10B7507455E3DA3A4118E1 /* Pods_MainLottieSample.framework */,
			);
			name = Frameworks;
			sourceTree = "<group>";
		};
		ED26712F268D890B0081D037 = {
			isa = PBXGroup;
			children = (
				ED26713A268D890B0081D037 /* MainLottieSample */,
				ED267139268D890B0081D037 /* Products */,
				028A4806FF0A9AA8DBB4B090 /* Pods */,
				BF37C98044BA2E9A3272D51F /* Frameworks */,
			);
			sourceTree = "<group>";
		};
		ED267139268D890B0081D037 /* Products */ = {
			isa = PBXGroup;
			children = (
				ED267138268D890B0081D037 /* MainLottieSample.app */,
			);
			name = Products;
			sourceTree = "<group>";
		};
		ED26713A268D890B0081D037 /* MainLottieSample */ = {
			isa = PBXGroup;
			children = (
				ED26713B268D890C0081D037 /* AppDelegate.swift */,
				ED26713D268D890C0081D037 /* SceneDelegate.swift */,
				ED26713F268D890C0081D037 /* ViewController.swift */,
				ED267141268D890C0081D037 /* Main.storyboard */,
				ED267144268D890D0081D037 /* Assets.xcassets */,
				ED267146268D890D0081D037 /* LaunchScreen.storyboard */,
				ED267149268D890D0081D037 /* Info.plist */,
				ED267151268D90B80081D037 /* characterCVC.swift */,
				ED267152268D90B80081D037 /* characterCVC.xib */,
				ED267156268D93E20081D037 /* PageControl.swift */,
			);
			path = MainLottieSample;
			sourceTree = "<group>";
		};
/* End PBXGroup section */

/* Begin PBXNativeTarget section */
		ED267137268D890B0081D037 /* MainLottieSample */ = {
			isa = PBXNativeTarget;
			buildConfigurationList = ED26714C268D890D0081D037 /* Build configuration list for PBXNativeTarget "MainLottieSample" */;
			buildPhases = (
				1DFB85389664D79FE90B8B43 /* [CP] Check Pods Manifest.lock */,
				ED267134268D890B0081D037 /* Sources */,
				ED267135268D890B0081D037 /* Frameworks */,
				ED267136268D890B0081D037 /* Resources */,
				5D5D305CBD2E80D73E77E781 /* [CP] Embed Pods Frameworks */,
			);
			buildRules = (
			);
			dependencies = (
			);
			name = MainLottieSample;
			productName = MainLottieSample;
			productReference = ED267138268D890B0081D037 /* MainLottieSample.app */;
			productType = "com.apple.product-type.application";
		};
/* End PBXNativeTarget section */

/* Begin PBXProject section */
		ED267130268D890B0081D037 /* Project object */ = {
			isa = PBXProject;
			attributes = {
				LastSwiftUpdateCheck = 1250;
				LastUpgradeCheck = 1250;
				TargetAttributes = {
					ED267137268D890B0081D037 = {
						CreatedOnToolsVersion = 12.5.1;
					};
				};
			};
			buildConfigurationList = ED267133268D890B0081D037 /* Build configuration list for PBXProject "MainLottieSample" */;
			compatibilityVersion = "Xcode 9.3";
			developmentRegion = en;
			hasScannedForEncodings = 0;
			knownRegions = (
				en,
				Base,
			);
			mainGroup = ED26712F268D890B0081D037;
			productRefGroup = ED267139268D890B0081D037 /* Products */;
			projectDirPath = "";
			projectRoot = "";
			targets = (
				ED267137268D890B0081D037 /* MainLottieSample */,
			);
		};
/* End PBXProject section */

/* Begin PBXResourcesBuildPhase section */
		ED267136268D890B0081D037 /* Resources */ = {
			isa = PBXResourcesBuildPhase;
			buildActionMask = 2147483647;
			files = (
				ED267148268D890D0081D037 /* LaunchScreen.storyboard in Resources */,
				ED267145268D890D0081D037 /* Assets.xcassets in Resources */,
				ED267154268D90B80081D037 /* characterCVC.xib in Resources */,
				ED267143268D890C0081D037 /* Main.storyboard in Resources */,
			);
			runOnlyForDeploymentPostprocessing = 0;
		};
/* End PBXResourcesBuildPhase section */

/* Begin PBXShellScriptBuildPhase section */
		1DFB85389664D79FE90B8B43 /* [CP] Check Pods Manifest.lock */ = {
			isa = PBXShellScriptBuildPhase;
			buildActionMask = 2147483647;
			files = (
			);
			inputFileListPaths = (
			);
			inputPaths = (
				"${PODS_PODFILE_DIR_PATH}/Podfile.lock",
				"${PODS_ROOT}/Manifest.lock",
			);
			name = "[CP] Check Pods Manifest.lock";
			outputFileListPaths = (
			);
			outputPaths = (
				"$(DERIVED_FILE_DIR)/Pods-MainLottieSample-checkManifestLockResult.txt",
			);
			runOnlyForDeploymentPostprocessing = 0;
			shellPath = /bin/sh;
			shellScript = "diff \"${PODS_PODFILE_DIR_PATH}/Podfile.lock\" \"${PODS_ROOT}/Manifest.lock\" > /dev/null\nif [ $? != 0 ] ; then\n    # print error to STDERR\n    echo \"error: The sandbox is not in sync with the Podfile.lock. Run 'pod install' or update your CocoaPods installation.\" >&2\n    exit 1\nfi\n# This output is used by Xcode 'outputs' to avoid re-running this script phase.\necho \"SUCCESS\" > \"${SCRIPT_OUTPUT_FILE_0}\"\n";
			showEnvVarsInLog = 0;
		};
		5D5D305CBD2E80D73E77E781 /* [CP] Embed Pods Frameworks */ = {
			isa = PBXShellScriptBuildPhase;
			buildActionMask = 2147483647;
			files = (
			);
			inputFileListPaths = (
				"${PODS_ROOT}/Target Support Files/Pods-MainLottieSample/Pods-MainLottieSample-frameworks-${CONFIGURATION}-input-files.xcfilelist",
			);
			name = "[CP] Embed Pods Frameworks";
			outputFileListPaths = (
				"${PODS_ROOT}/Target Support Files/Pods-MainLottieSample/Pods-MainLottieSample-frameworks-${CONFIGURATION}-output-files.xcfilelist",
			);
			runOnlyForDeploymentPostprocessing = 0;
			shellPath = /bin/sh;
			shellScript = "\"${PODS_ROOT}/Target Support Files/Pods-MainLottieSample/Pods-MainLottieSample-frameworks.sh\"\n";
			showEnvVarsInLog = 0;
		};
/* End PBXShellScriptBuildPhase section */

/* Begin PBXSourcesBuildPhase section */
		ED267134268D890B0081D037 /* Sources */ = {
			isa = PBXSourcesBuildPhase;
			buildActionMask = 2147483647;
			files = (
				ED267157268D93E20081D037 /* PageControl.swift in Sources */,
				ED267140268D890C0081D037 /* ViewController.swift in Sources */,
				ED26713C268D890C0081D037 /* AppDelegate.swift in Sources */,
				ED267153268D90B80081D037 /* characterCVC.swift in Sources */,
				ED26713E268D890C0081D037 /* SceneDelegate.swift in Sources */,
			);
			runOnlyForDeploymentPostprocessing = 0;
		};
/* End PBXSourcesBuildPhase section */

/* Begin PBXVariantGroup section */
		ED267141268D890C0081D037 /* Main.storyboard */ = {
			isa = PBXVariantGroup;
			children = (
				ED267142268D890C0081D037 /* Base */,
			);
			name = Main.storyboard;
			sourceTree = "<group>";
		};
		ED267146268D890D0081D037 /* LaunchScreen.storyboard */ = {
			isa = PBXVariantGroup;
			children = (
				ED267147268D890D0081D037 /* Base */,
			);
			name = LaunchScreen.storyboard;
			sourceTree = "<group>";
		};
/* End PBXVariantGroup section */

/* Begin XCBuildConfiguration section */
		ED26714A268D890D0081D037 /* Debug */ = {
			isa = XCBuildConfiguration;
			buildSettings = {
				ALWAYS_SEARCH_USER_PATHS = NO;
				CLANG_ANALYZER_NONNULL = YES;
				CLANG_ANALYZER_NUMBER_OBJECT_CONVERSION = YES_AGGRESSIVE;
				CLANG_CXX_LANGUAGE_STANDARD = "gnu++14";
				CLANG_CXX_LIBRARY = "libc++";
				CLANG_ENABLE_MODULES = YES;
				CLANG_ENABLE_OBJC_ARC = YES;
				CLANG_ENABLE_OBJC_WEAK = YES;
				CLANG_WARN_BLOCK_CAPTURE_AUTORELEASING = YES;
				CLANG_WARN_BOOL_CONVERSION = YES;
				CLANG_WARN_COMMA = YES;
				CLANG_WARN_CONSTANT_CONVERSION = YES;
				CLANG_WARN_DEPRECATED_OBJC_IMPLEMENTATIONS = YES;
				CLANG_WARN_DIRECT_OBJC_ISA_USAGE = YES_ERROR;
				CLANG_WARN_DOCUMENTATION_COMMENTS = YES;
				CLANG_WARN_EMPTY_BODY = YES;
				CLANG_WARN_ENUM_CONVERSION = YES;
				CLANG_WARN_INFINITE_RECURSION = YES;
				CLANG_WARN_INT_CONVERSION = YES;
				CLANG_WARN_NON_LITERAL_NULL_CONVERSION = YES;
				CLANG_WARN_OBJC_IMPLICIT_RETAIN_SELF = YES;
				CLANG_WARN_OBJC_LITERAL_CONVERSION = YES;
				CLANG_WARN_OBJC_ROOT_CLASS = YES_ERROR;
				CLANG_WARN_QUOTED_INCLUDE_IN_FRAMEWORK_HEADER = YES;
				CLANG_WARN_RANGE_LOOP_ANALYSIS = YES;
				CLANG_WARN_STRICT_PROTOTYPES = YES;
				CLANG_WARN_SUSPICIOUS_MOVE = YES;
				CLANG_WARN_UNGUARDED_AVAILABILITY = YES_AGGRESSIVE;
				CLANG_WARN_UNREACHABLE_CODE = YES;
				CLANG_WARN__DUPLICATE_METHOD_MATCH = YES;
				COPY_PHASE_STRIP = NO;
				DEBUG_INFORMATION_FORMAT = dwarf;
				ENABLE_STRICT_OBJC_MSGSEND = YES;
				ENABLE_TESTABILITY = YES;
				GCC_C_LANGUAGE_STANDARD = gnu11;
				GCC_DYNAMIC_NO_PIC = NO;
				GCC_NO_COMMON_BLOCKS = YES;
				GCC_OPTIMIZATION_LEVEL = 0;
				GCC_PREPROCESSOR_DEFINITIONS = (
					"DEBUG=1",
					"$(inherited)",
				);
				GCC_WARN_64_TO_32_BIT_CONVERSION = YES;
				GCC_WARN_ABOUT_RETURN_TYPE = YES_ERROR;
				GCC_WARN_UNDECLARED_SELECTOR = YES;
				GCC_WARN_UNINITIALIZED_AUTOS = YES_AGGRESSIVE;
				GCC_WARN_UNUSED_FUNCTION = YES;
				GCC_WARN_UNUSED_VARIABLE = YES;
				IPHONEOS_DEPLOYMENT_TARGET = 14.5;
				MTL_ENABLE_DEBUG_INFO = INCLUDE_SOURCE;
				MTL_FAST_MATH = YES;
				ONLY_ACTIVE_ARCH = YES;
				SDKROOT = iphoneos;
				SWIFT_ACTIVE_COMPILATION_CONDITIONS = DEBUG;
				SWIFT_OPTIMIZATION_LEVEL = "-Onone";
			};
			name = Debug;
		};
		ED26714B268D890D0081D037 /* Release */ = {
			isa = XCBuildConfiguration;
			buildSettings = {
				ALWAYS_SEARCH_USER_PATHS = NO;
				CLANG_ANALYZER_NONNULL = YES;
				CLANG_ANALYZER_NUMBER_OBJECT_CONVERSION = YES_AGGRESSIVE;
				CLANG_CXX_LANGUAGE_STANDARD = "gnu++14";
				CLANG_CXX_LIBRARY = "libc++";
				CLANG_ENABLE_MODULES = YES;
				CLANG_ENABLE_OBJC_ARC = YES;
				CLANG_ENABLE_OBJC_WEAK = YES;
				CLANG_WARN_BLOCK_CAPTURE_AUTORELEASING = YES;
				CLANG_WARN_BOOL_CONVERSION = YES;
				CLANG_WARN_COMMA = YES;
				CLANG_WARN_CONSTANT_CONVERSION = YES;
				CLANG_WARN_DEPRECATED_OBJC_IMPLEMENTATIONS = YES;
				CLANG_WARN_DIRECT_OBJC_ISA_USAGE = YES_ERROR;
				CLANG_WARN_DOCUMENTATION_COMMENTS = YES;
				CLANG_WARN_EMPTY_BODY = YES;
				CLANG_WARN_ENUM_CONVERSION = YES;
				CLANG_WARN_INFINITE_RECURSION = YES;
				CLANG_WARN_INT_CONVERSION = YES;
				CLANG_WARN_NON_LITERAL_NULL_CONVERSION = YES;
				CLANG_WARN_OBJC_IMPLICIT_RETAIN_SELF = YES;
				CLANG_WARN_OBJC_LITERAL_CONVERSION = YES;
				CLANG_WARN_OBJC_ROOT_CLASS = YES_ERROR;
				CLANG_WARN_QUOTED_INCLUDE_IN_FRAMEWORK_HEADER = YES;
				CLANG_WARN_RANGE_LOOP_ANALYSIS = YES;
				CLANG_WARN_STRICT_PROTOTYPES = YES;
				CLANG_WARN_SUSPICIOUS_MOVE = YES;
				CLANG_WARN_UNGUARDED_AVAILABILITY = YES_AGGRESSIVE;
				CLANG_WARN_UNREACHABLE_CODE = YES;
				CLANG_WARN__DUPLICATE_METHOD_MATCH = YES;
				COPY_PHASE_STRIP = NO;
				DEBUG_INFORMATION_FORMAT = "dwarf-with-dsym";
				ENABLE_NS_ASSERTIONS = NO;
				ENABLE_STRICT_OBJC_MSGSEND = YES;
				GCC_C_LANGUAGE_STANDARD = gnu11;
				GCC_NO_COMMON_BLOCKS = YES;
				GCC_WARN_64_TO_32_BIT_CONVERSION = YES;
				GCC_WARN_ABOUT_RETURN_TYPE = YES_ERROR;
				GCC_WARN_UNDECLARED_SELECTOR = YES;
				GCC_WARN_UNINITIALIZED_AUTOS = YES_AGGRESSIVE;
				GCC_WARN_UNUSED_FUNCTION = YES;
				GCC_WARN_UNUSED_VARIABLE = YES;
				IPHONEOS_DEPLOYMENT_TARGET = 14.5;
				MTL_ENABLE_DEBUG_INFO = NO;
				MTL_FAST_MATH = YES;
				SDKROOT = iphoneos;
				SWIFT_COMPILATION_MODE = wholemodule;
				SWIFT_OPTIMIZATION_LEVEL = "-O";
				VALIDATE_PRODUCT = YES;
			};
			name = Release;
		};
		ED26714D268D890D0081D037 /* Debug */ = {
			isa = XCBuildConfiguration;
			baseConfigurationReference = B713E9C9AD1A9172027E8F7A /* Pods-MainLottieSample.debug.xcconfig */;
			buildSettings = {
				ASSETCATALOG_COMPILER_APPICON_NAME = AppIcon;
				ASSETCATALOG_COMPILER_GLOBAL_ACCENT_COLOR_NAME = AccentColor;
				CODE_SIGN_STYLE = Automatic;
				INFOPLIST_FILE = MainLottieSample/Info.plist;
				LD_RUNPATH_SEARCH_PATHS = (
					"$(inherited)",
					"@executable_path/Frameworks",
				);
				PRODUCT_BUNDLE_IDENTIFIER = com.tiekle.MainLottieSample;
				PRODUCT_NAME = "$(TARGET_NAME)";
				SWIFT_VERSION = 5.0;
				TARGETED_DEVICE_FAMILY = "1,2";
			};
			name = Debug;
		};
		ED26714E268D890D0081D037 /* Release */ = {
			isa = XCBuildConfiguration;
			baseConfigurationReference = B7A0DE7E493F6FC69095FF9C /* Pods-MainLottieSample.release.xcconfig */;
			buildSettings = {
				ASSETCATALOG_COMPILER_APPICON_NAME = AppIcon;
				ASSETCATALOG_COMPILER_GLOBAL_ACCENT_COLOR_NAME = AccentColor;
				CODE_SIGN_STYLE = Automatic;
				INFOPLIST_FILE = MainLottieSample/Info.plist;
				LD_RUNPATH_SEARCH_PATHS = (
					"$(inherited)",
					"@executable_path/Frameworks",
				);
				PRODUCT_BUNDLE_IDENTIFIER = com.tiekle.MainLottieSample;
				PRODUCT_NAME = "$(TARGET_NAME)";
				SWIFT_VERSION = 5.0;
				TARGETED_DEVICE_FAMILY = "1,2";
			};
			name = Release;
		};
/* End XCBuildConfiguration section */

/* Begin XCConfigurationList section */
		ED267133268D890B0081D037 /* Build configuration list for PBXProject "MainLottieSample" */ = {
			isa = XCConfigurationList;
			buildConfigurations = (
				ED26714A268D890D0081D037 /* Debug */,
				ED26714B268D890D0081D037 /* Release */,
			);
			defaultConfigurationIsVisible = 0;
			defaultConfigurationName = Release;
		};
		ED26714C268D890D0081D037 /* Build configuration list for PBXNativeTarget "MainLottieSample" */ = {
			isa = XCConfigurationList;
			buildConfigurations = (
				ED26714D268D890D0081D037 /* Debug */,
				ED26714E268D890D0081D037 /* Release */,
			);
			defaultConfigurationIsVisible = 0;
			defaultConfigurationName = Release;
		};
/* End XCConfigurationList section */
	};
	rootObject = ED267130268D890B0081D037 /* Project object */;
}
